PODS:
  - BTNavigationDropdownMenu (0.4.1)
  - Charts (3.0.1):
    - Charts/Core (= 3.0.1)
  - Charts/Core (3.0.1)
  - Interpolate (0.4.0)
  - Kingfisher (3.2.4)

DEPENDENCIES:
  - BTNavigationDropdownMenu (from `https://github.com/PhamBaTho/BTNavigationDropdownMenu.git`, branch `swift-3.0`)
  - Charts
  - Interpolate
  - Kingfisher

EXTERNAL SOURCES:
  BTNavigationDropdownMenu:
    :branch: swift-3.0
    :git: https://github.com/PhamBaTho/BTNavigationDropdownMenu.git

CHECKOUT OPTIONS:
  BTNavigationDropdownMenu:
    :commit: 2c08c8579cf7a53ecb3dbf578e6e1034080a9859
    :git: https://github.com/PhamBaTho/BTNavigationDropdownMenu.git

SPEC CHECKSUMS:
  BTNavigationDropdownMenu: 093f3cbfad1572f2c222bdf8d17584d1e13380d4
  Charts: 0e84f4418e87dad6a9edde221fba37ebb51d3ba7
  Interpolate: 682895f1a2fc091da0ba53ccb018520daf51f8fd
  Kingfisher: 8d80f39da403cd9c9ee11984e1655f4d6a566cdb

PODFILE CHECKSUM: a5a047ef90bf1c1e950db9472518b0b0e0e8fb09

COCOAPODS: 1.1.1
